Microsoft Visual Studio Solution File, Format Version 10.00
# Visual C++ Express 2008
Project("{8BC9CEB8-8B4A-11D0-8D11-00A0C91BC942}") = "MachDevice", "MachDevice.vcproj", "{3BCE2258-BDC9-4403-941A-1B21D07BC585}"
EndProject
Global
	GlobalSection(SolutionConfigurationPlatforms) = preSolution
		Debug|Win32 = Debug|Win32
		Release|Win32 = Release|Win32
	EndGlobalSection
	GlobalSection(ProjectConfigurationPlatforms) = postSolution
		{3BCE2258-BDC9-4403-941A-1B21D07BC585}.Debug|Win32.ActiveCfg = Debug|Win32
		{3BCE2258-BDC9-4403-941A-1B21D07BC585}.Debug|Win32.Build.0 = Debug|Win32
		{3BCE2258-BDC9-4403-941A-1B21D07BC585}.Release|Win32.ActiveCfg = Release|Win32
		{3BCE2258-BDC9-4403-941A-1B21D07BC585}.Release|Win32.Build.0 = Release|Win32
	EndGlobalSection
	GlobalSection(SolutionProperties) = preSolution
		HideSolutionNode = FALSE
	EndGlobalSection
EndGlobal
